# This file is autogenerated, do not edit; changes may be undone by the next 'dep ensure'.


[[projects]]
  name = "github.com/BurntSushi/toml"
  packages = ["."]
  revision = "3012a1dbe2e4bd1391d42b32f0577cb7bbc7f005"
  version = "v0.3.1"

[[projects]]
  branch = "master"
  name = "github.com/juju/errors"
  packages = ["."]
  revision = "e65537c515d77e35697c471d6c2755375cb3adc4"

[[projects]]
  branch = "master"
  name = "github.com/pingcap/check"
  packages = ["."]
  revision = "67f458068fc864dabf17e38d4d337f28430d13ed"

[[projects]]
  name = "github.com/pingcap/errors"
  packages = ["."]
  revision = "8abfc136a5aa7f8e997266a3d04a51adeeb07e97"
  version = "v0.11.1"

[[projects]]
  name = "github.com/satori/go.uuid"
  packages = ["."]
  revision = "f58768cc1a7a7e77a3bd49e98cdd21419399b6a3"
  version = "v1.2.0"

[[projects]]
  name = "github.com/shopspring/decimal"
  packages = ["."]
  revision = "cd690d0c9e2447b1ef2a129a6b7b49077da89b8e"
  version = "1.1.0"

[[projects]]
  branch = "master"
  name = "github.com/siddontang/go"
  packages = [
    "hack",
    "ioutil2",
    "sync2"
  ]
  revision = "bdc77568d726a8702315ec4eafda030b6abc4f43"

[[projects]]
  branch = "master"
  name = "github.com/siddontang/go-log"
  packages = [
    "log",
    "loggers"
  ]
  revision = "1e957dd83bed18c84716181da7b80d4af48eaefe"

[[projects]]
  branch = "master"
  name = "github.com/siddontang/go-mysql"
  packages = [
    "canal",
    "client",
    "dump",
    "mysql",
    "packet",
    "replication",
    "schema"
  ]
  revision = "c6ab05a85eb86dc51a27ceed6d2f366a32874a24"

[[projects]]
  branch = "master"
  name = "github.com/siddontang/go-mysql-elasticsearch"
  packages = [
    "elastic",
    "river"
  ]
  revision = "7b48b8c785d3fc23d8dadebd5fafd0fba1654cbc"

[solve-meta]
  analyzer-name = "dep"
  analyzer-version = 1
  inputs-digest = "7239b3d7c129f6d4430793b2a6fe5b8de3bcbd14ed95542fa3bf2581dd7b56a1"
  solver-name = "gps-cdcl"
  solver-version = 1
